// !$*UTF8*$!
{
	archiveVersion = 1;
	classes = {
	};
	objectVersion = 52;
	objects = {

/* Begin PBXAggregateTarget section */
		"xcodebuild-to-md::xcodebuild-to-mdPackageTests::ProductTarget" /* xcodebuild-to-mdPackageTests */ = {
			isa = PBXAggregateTarget;
			buildConfigurationList = OBJ_163 /* Build configuration list for PBXAggregateTarget "xcodebuild-to-mdPackageTests" */;
			buildPhases = (
			);
			dependencies = (
				OBJ_166 /* PBXTargetDependency */,
			);
			name = "xcodebuild-to-mdPackageTests";
			productName = "xcodebuild-to-mdPackageTests";
		};
/* End PBXAggregateTarget section */

/* Begin PBXBuildFile section */
		4481E9FA2979EAA5001A612F /* XCResultKit in Frameworks */ = {isa = PBXBuildFile; productRef = 4481E9F92979EAA5001A612F /* XCResultKit */; };
		4481E9FE2979F0DB001A612F /* BadgeOutput.swift in Sources */ = {isa = PBXBuildFile; fileRef = 4481E9FD2979F0DB001A612F /* BadgeOutput.swift */; };
		4481EA00297A045C001A612F /* SlowestTestOutput.swift in Sources */ = {isa = PBXBuildFile; fileRef = 4481E9FF297A045C001A612F /* SlowestTestOutput.swift */; };
		OBJ_145 /* CommandLine.swift in Sources */ = {isa = PBXBuildFile; fileRef = OBJ_9 /* CommandLine.swift */; };
		OBJ_146 /* CompileFinding.swift in Sources */ = {isa = PBXBuildFile; fileRef = OBJ_10 /* CompileFinding.swift */; };
		OBJ_147 /* DerivedData.swift in Sources */ = {isa = PBXBuildFile; fileRef = OBJ_11 /* DerivedData.swift */; };
		OBJ_148 /* SummaryOutput.swift in Sources */ = {isa = PBXBuildFile; fileRef = OBJ_12 /* SummaryOutput.swift */; };
		OBJ_149 /* TestDetails.swift in Sources */ = {isa = PBXBuildFile; fileRef = OBJ_13 /* TestDetails.swift */; };
		OBJ_150 /* TestSummary.swift in Sources */ = {isa = PBXBuildFile; fileRef = OBJ_14 /* TestSummary.swift */; };
		OBJ_151 /* TextOutput.swift in Sources */ = {isa = PBXBuildFile; fileRef = OBJ_15 /* TextOutput.swift */; };
		OBJ_152 /* main.swift in Sources */ = {isa = PBXBuildFile; fileRef = OBJ_16 /* main.swift */; };
		OBJ_161 /* Package.swift in Sources */ = {isa = PBXBuildFile; fileRef = OBJ_6 /* Package.swift */; };
		OBJ_172 /* XCTestManifests.swift in Sources */ = {isa = PBXBuildFile; fileRef = OBJ_19 /* XCTestManifests.swift */; };
		OBJ_173 /* xcodebuild_to_mdTests.swift in Sources */ = {isa = PBXBuildFile; fileRef = OBJ_20 /* xcodebuild_to_mdTests.swift */; };
/* End PBXBuildFile section */

/* Begin PBXContainerItemProxy section */
		4481E9F52979E715001A612F /* PBXContainerItemProxy */ = {
			isa = PBXContainerItemProxy;
			containerPortal = OBJ_1 /* Project object */;
			proxyType = 1;
			remoteGlobalIDString = "xcodebuild-to-md::xcodebuild-to-md";
			remoteInfo = "xcodebuild-to-md";
		};
		4481E9F72979E715001A612F /* PBXContainerItemProxy */ = {
			isa = PBXContainerItemProxy;
			containerPortal = OBJ_1 /* Project object */;
			proxyType = 1;
			remoteGlobalIDString = "xcodebuild-to-md::xcodebuild-to-mdTests";
			remoteInfo = "xcodebuild-to-mdTests";
		};
/* End PBXContainerItemProxy section */

/* Begin PBXFileReference section */
		4481E9FD2979F0DB001A612F /* BadgeOutput.swift */ = {isa = PBXFileReference; fileEncoding = 4; lastKnownFileType = sourcecode.swift; path = BadgeOutput.swift; sourceTree = "<group>"; };
		4481E9FF297A045C001A612F /* SlowestTestOutput.swift */ = {isa = PBXFileReference; fileEncoding = 4; lastKnownFileType = sourcecode.swift; path = SlowestTestOutput.swift; sourceTree = "<group>"; };
		OBJ_10 /* CompileFinding.swift */ = {isa = PBXFileReference; lastKnownFileType = sourcecode.swift; path = CompileFinding.swift; sourceTree = "<group>"; };
		OBJ_11 /* DerivedData.swift */ = {isa = PBXFileReference; lastKnownFileType = sourcecode.swift; path = DerivedData.swift; sourceTree = "<group>"; };
		OBJ_12 /* SummaryOutput.swift */ = {isa = PBXFileReference; lastKnownFileType = sourcecode.swift; path = SummaryOutput.swift; sourceTree = "<group>"; };
		OBJ_13 /* TestDetails.swift */ = {isa = PBXFileReference; lastKnownFileType = sourcecode.swift; path = TestDetails.swift; sourceTree = "<group>"; };
		OBJ_14 /* TestSummary.swift */ = {isa = PBXFileReference; lastKnownFileType = sourcecode.swift; path = TestSummary.swift; sourceTree = "<group>"; };
		OBJ_15 /* TextOutput.swift */ = {isa = PBXFileReference; lastKnownFileType = sourcecode.swift; path = TextOutput.swift; sourceTree = "<group>"; };
		OBJ_16 /* main.swift */ = {isa = PBXFileReference; lastKnownFileType = sourcecode.swift; path = main.swift; sourceTree = "<group>"; };
		OBJ_19 /* XCTestManifests.swift */ = {isa = PBXFileReference; lastKnownFileType = sourcecode.swift; path = XCTestManifests.swift; sourceTree = "<group>"; };
		OBJ_20 /* xcodebuild_to_mdTests.swift */ = {isa = PBXFileReference; lastKnownFileType = sourcecode.swift; path = xcodebuild_to_mdTests.swift; sourceTree = "<group>"; };
		OBJ_6 /* Package.swift */ = {isa = PBXFileReference; explicitFileType = sourcecode.swift; path = Package.swift; sourceTree = "<group>"; };
		OBJ_77 /* LICENSE */ = {isa = PBXFileReference; lastKnownFileType = text; path = LICENSE; sourceTree = "<group>"; };
		OBJ_78 /* Makefile */ = {isa = PBXFileReference; lastKnownFileType = sourcecode.make; path = Makefile; sourceTree = "<group>"; };
		OBJ_79 /* README.md */ = {isa = PBXFileReference; lastKnownFileType = net.daringfireball.markdown; path = README.md; sourceTree = "<group>"; };
		OBJ_9 /* CommandLine.swift */ = {isa = PBXFileReference; lastKnownFileType = sourcecode.swift; path = CommandLine.swift; sourceTree = "<group>"; };
		"xcodebuild-to-md::xcodebuild-to-md::Product" /* xcodebuild-to-md */ = {isa = PBXFileReference; explicitFileType = "compiled.mach-o.executable"; path = "xcodebuild-to-md"; sourceTree = BUILT_PRODUCTS_DIR; };
		"xcodebuild-to-md::xcodebuild-to-mdTests::Product" /* xcodebuild-to-mdTests.xctest */ = {isa = PBXFileReference; explicitFileType = wrapper.cfbundle; path = "xcodebuild-to-mdTests.xctest"; sourceTree = BUILT_PRODUCTS_DIR; };
/* End PBXFileReference section */

/* Begin PBXFrameworksBuildPhase section */
		OBJ_153 /* Frameworks */ = {
			isa = PBXFrameworksBuildPhase;
			buildActionMask = 0;
			files = (
				4481E9FA2979EAA5001A612F /* XCResultKit in Frameworks */,
			);
			runOnlyForDeploymentPostprocessing = 0;
		};
		OBJ_174 /* Frameworks */ = {
			isa = PBXFrameworksBuildPhase;
			buildActionMask = 0;
			files = (
			);
			runOnlyForDeploymentPostprocessing = 0;
		};
/* End PBXFrameworksBuildPhase section */

/* Begin PBXGroup section */
		OBJ_17 /* Tests */ = {
			isa = PBXGroup;
			children = (
				OBJ_18 /* xcodebuild-to-mdTests */,
			);
			name = Tests;
			sourceTree = SOURCE_ROOT;
		};
		OBJ_18 /* xcodebuild-to-mdTests */ = {
			isa = PBXGroup;
			children = (
				OBJ_19 /* XCTestManifests.swift */,
				OBJ_20 /* xcodebuild_to_mdTests.swift */,
			);
			name = "xcodebuild-to-mdTests";
			path = "Tests/xcodebuild-to-mdTests";
			sourceTree = SOURCE_ROOT;
		};
		OBJ_5 /*  */ = {
			isa = PBXGroup;
			children = (
				OBJ_6 /* Package.swift */,
				OBJ_7 /* Sources */,
				OBJ_17 /* Tests */,
				OBJ_73 /* Products */,
				OBJ_77 /* LICENSE */,
				OBJ_78 /* Makefile */,
				OBJ_79 /* README.md */,
			);
			name = "";
			sourceTree = "<group>";
		};
		OBJ_7 /* Sources */ = {
			isa = PBXGroup;
			children = (
				OBJ_8 /* xcodebuild-to-md */,
			);
			name = Sources;
			sourceTree = SOURCE_ROOT;
		};
		OBJ_73 /* Products */ = {
			isa = PBXGroup;
			children = (
				"xcodebuild-to-md::xcodebuild-to-mdTests::Product" /* xcodebuild-to-mdTests.xctest */,
				"xcodebuild-to-md::xcodebuild-to-md::Product" /* xcodebuild-to-md */,
			);
			name = Products;
			sourceTree = BUILT_PRODUCTS_DIR;
		};
		OBJ_8 /* xcodebuild-to-md */ = {
			isa = PBXGroup;
			children = (
				4481E9FD2979F0DB001A612F /* BadgeOutput.swift */,
				OBJ_9 /* CommandLine.swift */,
				OBJ_10 /* CompileFinding.swift */,
				OBJ_11 /* DerivedData.swift */,
				4481E9FF297A045C001A612F /* SlowestTestOutput.swift */,
				OBJ_12 /* SummaryOutput.swift */,
				OBJ_13 /* TestDetails.swift */,
				OBJ_14 /* TestSummary.swift */,
				OBJ_15 /* TextOutput.swift */,
				OBJ_16 /* main.swift */,
			);
			name = "xcodebuild-to-md";
			path = "Sources/xcodebuild-to-md";
			sourceTree = SOURCE_ROOT;
		};
/* End PBXGroup section */

/* Begin PBXNativeTarget section */
		"xcodebuild-to-md::SwiftPMPackageDescription" /* xcodebuild-to-mdPackageDescription */ = {
			isa = PBXNativeTarget;
			buildConfigurationList = OBJ_157 /* Build configuration list for PBXNativeTarget "xcodebuild-to-mdPackageDescription" */;
			buildPhases = (
				OBJ_160 /* Sources */,
			);
			buildRules = (
			);
			dependencies = (
			);
			name = "xcodebuild-to-mdPackageDescription";
			productName = "xcodebuild-to-mdPackageDescription";
			productType = "com.apple.product-type.framework";
		};
		"xcodebuild-to-md::xcodebuild-to-md" /* xcodebuild-to-md */ = {
			isa = PBXNativeTarget;
			buildConfigurationList = OBJ_141 /* Build configuration list for PBXNativeTarget "xcodebuild-to-md" */;
			buildPhases = (
				OBJ_144 /* Sources */,
				OBJ_153 /* Frameworks */,
			);
			buildRules = (
			);
			dependencies = (
				4481E9FC2979EAB4001A612F /* PBXTargetDependency */,
			);
			name = "xcodebuild-to-md";
			packageProductDependencies = (
				4481E9F92979EAA5001A612F /* XCResultKit */,
			);
			productName = xcodebuild_to_md;
			productReference = "xcodebuild-to-md::xcodebuild-to-md::Product" /* xcodebuild-to-md */;
			productType = "com.apple.product-type.tool";
		};
		"xcodebuild-to-md::xcodebuild-to-mdTests" /* xcodebuild-to-mdTests */ = {
			isa = PBXNativeTarget;
			buildConfigurationList = OBJ_168 /* Build configuration list for PBXNativeTarget "xcodebuild-to-mdTests" */;
			buildPhases = (
				OBJ_171 /* Sources */,
				OBJ_174 /* Frameworks */,
			);
			buildRules = (
			);
			dependencies = (
				OBJ_176 /* PBXTargetDependency */,
			);
			name = "xcodebuild-to-mdTests";
			productName = xcodebuild_to_mdTests;
			productReference = "xcodebuild-to-md::xcodebuild-to-mdTests::Product" /* xcodebuild-to-mdTests.xctest */;
			productType = "com.apple.product-type.bundle.unit-test";
		};
/* End PBXNativeTarget section */

/* Begin PBXProject section */
		OBJ_1 /* Project object */ = {
			isa = PBXProject;
			attributes = {
				LastSwiftMigration = 9999;
				LastUpgradeCheck = 9999;
			};
			buildConfigurationList = OBJ_2 /* Build configuration list for PBXProject "xcodebuild-to-md" */;
			compatibilityVersion = "Xcode 3.2";
			developmentRegion = en;
			hasScannedForEncodings = 0;
			knownRegions = (
				en,
			);
			mainGroup = OBJ_5 /*  */;
			packageReferences = (
				4481E9F82979EAA5001A612F /* XCRemoteSwiftPackageReference "XCResultKit" */,
			);
			productRefGroup = OBJ_73 /* Products */;
			projectDirPath = "";
			projectRoot = "";
			targets = (
				"xcodebuild-to-md::xcodebuild-to-md" /* xcodebuild-to-md */,
				"xcodebuild-to-md::SwiftPMPackageDescription" /* xcodebuild-to-mdPackageDescription */,
				"xcodebuild-to-md::xcodebuild-to-mdPackageTests::ProductTarget" /* xcodebuild-to-mdPackageTests */,
				"xcodebuild-to-md::xcodebuild-to-mdTests" /* xcodebuild-to-mdTests */,
			);
		};
/* End PBXProject section */

/* Begin PBXSourcesBuildPhase section */
		OBJ_144 /* Sources */ = {
			isa = PBXSourcesBuildPhase;
			buildActionMask = 0;
			files = (
				OBJ_145 /* CommandLine.swift in Sources */,
				OBJ_146 /* CompileFinding.swift in Sources */,
				OBJ_147 /* DerivedData.swift in Sources */,
				OBJ_148 /* SummaryOutput.swift in Sources */,
				4481EA00297A045C001A612F /* SlowestTestOutput.swift in Sources */,
				OBJ_149 /* TestDetails.swift in Sources */,
				4481E9FE2979F0DB001A612F /* BadgeOutput.swift in Sources */,
				OBJ_150 /* TestSummary.swift in Sources */,
				OBJ_151 /* TextOutput.swift in Sources */,
				OBJ_152 /* main.swift in Sources */,
			);
			runOnlyForDeploymentPostprocessing = 0;
		};
		OBJ_160 /* Sources */ = {
			isa = PBXSourcesBuildPhase;
			buildActionMask = 0;
			files = (
				OBJ_161 /* Package.swift in Sources */,
			);
			runOnlyForDeploymentPostprocessing = 0;
		};
		OBJ_171 /* Sources */ = {
			isa = PBXSourcesBuildPhase;
			buildActionMask = 0;
			files = (
				OBJ_172 /* XCTestManifests.swift in Sources */,
				OBJ_173 /* xcodebuild_to_mdTests.swift in Sources */,
			);
			runOnlyForDeploymentPostprocessing = 0;
		};
/* End PBXSourcesBuildPhase section */

/* Begin PBXTargetDependency section */
		4481E9FC2979EAB4001A612F /* PBXTargetDependency */ = {
			isa = PBXTargetDependency;
			productRef = 4481E9FB2979EAB4001A612F /* XCResultKit */;
		};
		OBJ_166 /* PBXTargetDependency */ = {
			isa = PBXTargetDependency;
			target = "xcodebuild-to-md::xcodebuild-to-mdTests" /* xcodebuild-to-mdTests */;
			targetProxy = 4481E9F72979E715001A612F /* PBXContainerItemProxy */;
		};
		OBJ_176 /* PBXTargetDependency */ = {
			isa = PBXTargetDependency;
			target = "xcodebuild-to-md::xcodebuild-to-md" /* xcodebuild-to-md */;
			targetProxy = 4481E9F52979E715001A612F /* PBXContainerItemProxy */;
		};
/* End PBXTargetDependency section */

/* Begin XCBuildConfiguration section */
		OBJ_142 /* Debug */ = {
			isa = XCBuildConfiguration;
			buildSettings = {
				FRAMEWORK_SEARCH_PATHS = (
					"$(inherited)",
					"$(PLATFORM_DIR)/Developer/Library/Frameworks",
				);
				HEADER_SEARCH_PATHS = "$(inherited)";
				INFOPLIST_FILE = "xcodebuild-to-md.xcodeproj/xcodebuild_to_md_Info.plist";
				IPHONEOS_DEPLOYMENT_TARGET = 8.0;
				LD_RUNPATH_SEARCH_PATHS = (
					"$(inherited)",
					"$(TOOLCHAIN_DIR)/usr/lib/swift/macosx",
					"@executable_path",
				);
				OTHER_CFLAGS = "$(inherited)";
				OTHER_LDFLAGS = "$(inherited)";
				OTHER_SWIFT_FLAGS = "$(inherited)";
				SWIFT_ACTIVE_COMPILATION_CONDITIONS = "$(inherited)";
				SWIFT_FORCE_DYNAMIC_LINK_STDLIB = YES;
				SWIFT_FORCE_STATIC_LINK_STDLIB = NO;
				SWIFT_VERSION = 5.0;
				TARGET_NAME = "xcodebuild-to-md";
				TVOS_DEPLOYMENT_TARGET = 9.0;
				WATCHOS_DEPLOYMENT_TARGET = 2.0;
			};
			name = Debug;
		};
		OBJ_143 /* Release */ = {
			isa = XCBuildConfiguration;
			buildSettings = {
				FRAMEWORK_SEARCH_PATHS = (
					"$(inherited)",
					"$(PLATFORM_DIR)/Developer/Library/Frameworks",
				);
				HEADER_SEARCH_PATHS = "$(inherited)";
				INFOPLIST_FILE = "xcodebuild-to-md.xcodeproj/xcodebuild_to_md_Info.plist";
				IPHONEOS_DEPLOYMENT_TARGET = 8.0;
				LD_RUNPATH_SEARCH_PATHS = (
					"$(inherited)",
					"$(TOOLCHAIN_DIR)/usr/lib/swift/macosx",
					"@executable_path",
				);
				OTHER_CFLAGS = "$(inherited)";
				OTHER_LDFLAGS = "$(inherited)";
				OTHER_SWIFT_FLAGS = "$(inherited)";
				SWIFT_ACTIVE_COMPILATION_CONDITIONS = "$(inherited)";
				SWIFT_FORCE_DYNAMIC_LINK_STDLIB = YES;
				SWIFT_FORCE_STATIC_LINK_STDLIB = NO;
				SWIFT_VERSION = 5.0;
				TARGET_NAME = "xcodebuild-to-md";
				TVOS_DEPLOYMENT_TARGET = 9.0;
				WATCHOS_DEPLOYMENT_TARGET = 2.0;
			};
			name = Release;
		};
		OBJ_158 /* Debug */ = {
			isa = XCBuildConfiguration;
			buildSettings = {
				LD = /usr/bin/true;
				OTHER_SWIFT_FLAGS = "-swift-version 5 -I $(TOOLCHAIN_DIR)/usr/lib/swift/pm/4_2 -target x86_64-apple-macosx10.10 -sdk /Applications/Xcode.app/Contents/Developer/Platforms/MacOSX.platform/Developer/SDKs/MacOSX10.15.sdk -package-description-version 5.1";
				SWIFT_VERSION = 5.0;
			};
			name = Debug;
		};
		OBJ_159 /* Release */ = {
			isa = XCBuildConfiguration;
			buildSettings = {
				LD = /usr/bin/true;
				OTHER_SWIFT_FLAGS = "-swift-version 5 -I $(TOOLCHAIN_DIR)/usr/lib/swift/pm/4_2 -target x86_64-apple-macosx10.10 -sdk /Applications/Xcode.app/Contents/Developer/Platforms/MacOSX.platform/Developer/SDKs/MacOSX10.15.sdk -package-description-version 5.1";
				SWIFT_VERSION = 5.0;
			};
			name = Release;
		};
		OBJ_164 /* Debug */ = {
			isa = XCBuildConfiguration;
			buildSettings = {
			};
			name = Debug;
		};
		OBJ_165 /* Release */ = {
			isa = XCBuildConfiguration;
			buildSettings = {
			};
			name = Release;
		};
		OBJ_169 /* Debug */ = {
			isa = XCBuildConfiguration;
			buildSettings = {
				CLANG_ENABLE_MODULES = YES;
				EMBEDDED_CONTENT_CONTAINS_SWIFT = YES;
				FRAMEWORK_SEARCH_PATHS = (
					"$(inherited)",
					"$(PLATFORM_DIR)/Developer/Library/Frameworks",
				);
				HEADER_SEARCH_PATHS = "$(inherited)";
				INFOPLIST_FILE = "xcodebuild-to-md.xcodeproj/xcodebuild_to_mdTests_Info.plist";
				IPHONEOS_DEPLOYMENT_TARGET = 8.0;
				LD_RUNPATH_SEARCH_PATHS = (
					"$(inherited)",
					"@loader_path/../Frameworks",
					"@loader_path/Frameworks",
				);
				OTHER_CFLAGS = "$(inherited)";
				OTHER_LDFLAGS = "$(inherited)";
				OTHER_SWIFT_FLAGS = "$(inherited)";
				SWIFT_ACTIVE_COMPILATION_CONDITIONS = "$(inherited)";
				SWIFT_VERSION = 5.0;
				TARGET_NAME = "xcodebuild-to-mdTests";
				TVOS_DEPLOYMENT_TARGET = 9.0;
				WATCHOS_DEPLOYMENT_TARGET = 2.0;
			};
			name = Debug;
		};
		OBJ_170 /* Release */ = {
			isa = XCBuildConfiguration;
			buildSettings = {
				CLANG_ENABLE_MODULES = YES;
				EMBEDDED_CONTENT_CONTAINS_SWIFT = YES;
				FRAMEWORK_SEARCH_PATHS = (
					"$(inherited)",
					"$(PLATFORM_DIR)/Developer/Library/Frameworks",
				);
				HEADER_SEARCH_PATHS = "$(inherited)";
				INFOPLIST_FILE = "xcodebuild-to-md.xcodeproj/xcodebuild_to_mdTests_Info.plist";
				IPHONEOS_DEPLOYMENT_TARGET = 8.0;
				LD_RUNPATH_SEARCH_PATHS = (
					"$(inherited)",
					"@loader_path/../Frameworks",
					"@loader_path/Frameworks",
				);
				OTHER_CFLAGS = "$(inherited)";
				OTHER_LDFLAGS = "$(inherited)";
				OTHER_SWIFT_FLAGS = "$(inherited)";
				SWIFT_ACTIVE_COMPILATION_CONDITIONS = "$(inherited)";
				SWIFT_VERSION = 5.0;
				TARGET_NAME = "xcodebuild-to-mdTests";
				TVOS_DEPLOYMENT_TARGET = 9.0;
				WATCHOS_DEPLOYMENT_TARGET = 2.0;
			};
			name = Release;
		};
		OBJ_3 /* Debug */ = {
			isa = XCBuildConfiguration;
			buildSettings = {
				CLANG_ENABLE_OBJC_ARC = YES;
				COMBINE_HIDPI_IMAGES = YES;
				COPY_PHASE_STRIP = NO;
				DEBUG_INFORMATION_FORMAT = dwarf;
				DYLIB_INSTALL_NAME_BASE = "@rpath";
				ENABLE_NS_ASSERTIONS = YES;
				GCC_OPTIMIZATION_LEVEL = 0;
				GCC_PREPROCESSOR_DEFINITIONS = (
					"$(inherited)",
					"SWIFT_PACKAGE=1",
					"DEBUG=1",
				);
				MACOSX_DEPLOYMENT_TARGET = 10.15;
				ONLY_ACTIVE_ARCH = YES;
				OTHER_SWIFT_FLAGS = "$(inherited) -DXcode";
				PRODUCT_NAME = "$(TARGET_NAME)";
				SDKROOT = macosx;
				SUPPORTED_PLATFORMS = "macosx iphoneos iphonesimulator appletvos appletvsimulator watchos watchsimulator";
				SWIFT_ACTIVE_COMPILATION_CONDITIONS = "$(inherited) SWIFT_PACKAGE DEBUG";
				SWIFT_OPTIMIZATION_LEVEL = "-Onone";
				USE_HEADERMAP = NO;
			};
			name = Debug;
		};
		OBJ_4 /* Release */ = {
			isa = XCBuildConfiguration;
			buildSettings = {
				CLANG_ENABLE_OBJC_ARC = YES;
				COMBINE_HIDPI_IMAGES = YES;
				COPY_PHASE_STRIP = YES;
				DEBUG_INFORMATION_FORMAT = "dwarf-with-dsym";
				DYLIB_INSTALL_NAME_BASE = "@rpath";
				GCC_OPTIMIZATION_LEVEL = s;
				GCC_PREPROCESSOR_DEFINITIONS = (
					"$(inherited)",
					"SWIFT_PACKAGE=1",
				);
				MACOSX_DEPLOYMENT_TARGET = 10.15;
				OTHER_SWIFT_FLAGS = "$(inherited) -DXcode";
				PRODUCT_NAME = "$(TARGET_NAME)";
				SDKROOT = macosx;
				SUPPORTED_PLATFORMS = "macosx iphoneos iphonesimulator appletvos appletvsimulator watchos watchsimulator";
				SWIFT_ACTIVE_COMPILATION_CONDITIONS = "$(inherited) SWIFT_PACKAGE";
				SWIFT_COMPILATION_MODE = wholemodule;
				SWIFT_OPTIMIZATION_LEVEL = "-O";
				USE_HEADERMAP = NO;
			};
			name = Release;
		};
/* End XCBuildConfiguration section */

/* Begin XCConfigurationList section */
		OBJ_141 /* Build configuration list for PBXNativeTarget "xcodebuild-to-md" */ = {
			isa = XCConfigurationList;
			buildConfigurations = (
				OBJ_142 /* Debug */,
				OBJ_143 /* Release */,
			);
			defaultConfigurationIsVisible = 0;
			defaultConfigurationName = Release;
		};
		OBJ_157 /* Build configuration list for PBXNativeTarget "xcodebuild-to-mdPackageDescription" */ = {
			isa = XCConfigurationList;
			buildConfigurations = (
				OBJ_158 /* Debug */,
				OBJ_159 /* Release */,
			);
			defaultConfigurationIsVisible = 0;
			defaultConfigurationName = Release;
		};
		OBJ_163 /* Build configuration list for PBXAggregateTarget "xcodebuild-to-mdPackageTests" */ = {
			isa = XCConfigurationList;
			buildConfigurations = (
				OBJ_164 /* Debug */,
				OBJ_165 /* Release */,
			);
			defaultConfigurationIsVisible = 0;
			defaultConfigurationName = Release;
		};
		OBJ_168 /* Build configuration list for PBXNativeTarget "xcodebuild-to-mdTests" */ = {
			isa = XCConfigurationList;
			buildConfigurations = (
				OBJ_169 /* Debug */,
				OBJ_170 /* Release */,
			);
			defaultConfigurationIsVisible = 0;
			defaultConfigurationName = Release;
		};
		OBJ_2 /* Build configuration list for PBXProject "xcodebuild-to-md" */ = {
			isa = XCConfigurationList;
			buildConfigurations = (
				OBJ_3 /* Debug */,
				OBJ_4 /* Release */,
			);
			defaultConfigurationIsVisible = 0;
			defaultConfigurationName = Release;
		};
/* End XCConfigurationList section */

/* Begin XCRemoteSwiftPackageReference section */
		4481E9F82979EAA5001A612F /* XCRemoteSwiftPackageReference "XCResultKit" */ = {
			isa = XCRemoteSwiftPackageReference;
			repositoryURL = "https://github.com/davidahouse/XCResultKit.git";
			requirement = {
				kind = upToNextMajorVersion;
				minimumVersion = 1.0.0;
			};
		};
/* End XCRemoteSwiftPackageReference section */

/* Begin XCSwiftPackageProductDependency section */
		4481E9F92979EAA5001A612F /* XCResultKit */ = {
			isa = XCSwiftPackageProductDependency;
			package = 4481E9F82979EAA5001A612F /* XCRemoteSwiftPackageReference "XCResultKit" */;
			productName = XCResultKit;
		};
		4481E9FB2979EAB4001A612F /* XCResultKit */ = {
			isa = XCSwiftPackageProductDependency;
			package = 4481E9F82979EAA5001A612F /* XCRemoteSwiftPackageReference "XCResultKit" */;
			productName = XCResultKit;
		};
/* End XCSwiftPackageProductDependency section */
	};
	rootObject = OBJ_1 /* Project object */;
}
