{
  "object": {
    "pins": [
      {
        "package": "XCResultKit",
        "repositoryURL": "https://github.com/davidahouse/XCResultKit",
        "state": {
          "branch": null,
          "revision": "b8cc1631ea91c9e8f9166d58ad607f0278f7553e",
          "version": "0.5.7"
        }
      }
    ]
  },
  "version": 1
}
