{
  "pins" : [
    {
      "identity" : "xcresultkit",
      "kind" : "remoteSourceControl",
      "location" : "https://github.com/davidahouse/XCResultKit",
      "state" : {
        "revision" : "3c8206371aa630248afddd085cce036b625c1455",
        "version" : "1.0.1"
      }
    }
  ],
  "version" : 2
}
